
Microsoft Visual Studio Solution File, Format Version 12.00
# Visual Studio Version 16
VisualStudioVersion = 16.0.31424.327
MinimumVisualStudioVersion = 10.0.40219.1
Project("{8BC9CEB8-8B4A-11D0-8D11-00A0C91BC942}") = "Game", "Game\Game.vcxproj", "{84E3AB91-72CC-4672-8FBD-635A15871BEC}"
EndProject
Project("{8BC9CEB8-8B4A-11D0-8D11-00A0C91BC942}") = "Engine", "Engine\Engine.vcxproj", "{D5DCC245-B9E1-446D-87A7-15DE743BD966}"
EndProject
Global
	GlobalSection(SolutionConfigurationPlatforms) = preSolution
		Debug|x64 = Debug|x64
		Debug|x86 = Debug|x86
		Release|x64 = Release|x64
		Release|x86 = Release|x86
	EndGlobalSection
	GlobalSection(ProjectConfigurationPlatforms) = postSolution
		{84E3AB91-72CC-4672-8FBD-635A15871BEC}.Debug|x64.ActiveCfg = Debug|x64
		{84E3AB91-72CC-4672-8FBD-635A15871BEC}.Debug|x64.Build.0 = Debug|x64
		{84E3AB91-72CC-4672-8FBD-635A15871BEC}.Debug|x86.ActiveCfg = Debug|Win32
		{84E3AB91-72CC-4672-8FBD-635A15871BEC}.Debug|x86.Build.0 = Debug|Win32
		{84E3AB91-72CC-4672-8FBD-635A15871BEC}.Release|x64.ActiveCfg = Release|x64
		{84E3AB91-72CC-4672-8FBD-635A15871BEC}.Release|x64.Build.0 = Release|x64
		{84E3AB91-72CC-4672-8FBD-635A15871BEC}.Release|x86.ActiveCfg = Release|Win32
		{84E3AB91-72CC-4672-8FBD-635A15871BEC}.Release|x86.Build.0 = Release|Win32
		{D5DCC245-B9E1-446D-87A7-15DE743BD966}.Debug|x64.ActiveCfg = Debug|x64
		{D5DCC245-B9E1-446D-87A7-15DE743BD966}.Debug|x64.Build.0 = Debug|x64
		{D5DCC245-B9E1-446D-87A7-15DE743BD966}.Debug|x86.ActiveCfg = Debug|Win32
		{D5DCC245-B9E1-446D-87A7-15DE743BD966}.Debug|x86.Build.0 = Debug|Win32
		{D5DCC245-B9E1-446D-87A7-15DE743BD966}.Release|x64.ActiveCfg = Release|x64
		{D5DCC245-B9E1-446D-87A7-15DE743BD966}.Release|x64.Build.0 = Release|x64
		{D5DCC245-B9E1-446D-87A7-15DE743BD966}.Release|x86.ActiveCfg = Release|Win32
		{D5DCC245-B9E1-446D-87A7-15DE743BD966}.Release|x86.Build.0 = Release|Win32
	EndGlobalSection
	GlobalSection(SolutionProperties) = preSolution
		HideSolutionNode = FALSE
	EndGlobalSection
	GlobalSection(ExtensibilityGlobals) = postSolution
		SolutionGuid = {FDED9E6C-071D-493D-A964-817991843689}
	EndGlobalSection
EndGlobal
